
Microsoft Visual Studio Solution File, Format Version 12.00
# Visual Studio Version 17
VisualStudioVersion = 17.0.31912.275
MinimumVisualStudioVersion = 10.0.40219.1
Project("{9A19103F-16F7-4668-BE54-9A1E7A4F7556}") = "KoperasiTentera.Api", "KoperasiTentera.Api\KoperasiTentera.Api.csproj", "{0BFB7B05-36FB-4F36-9025-367D27AB3239}"
EndProject
Project("{9A19103F-16F7-4668-BE54-9A1E7A4F7556}") = "KoperasiTentera.DomainModel", "KoperasiTentera.DomainModel\KoperasiTentera.DomainModel.csproj", "{12CF1413-B478-4A05-A60D-CB99EC6270F1}"
EndProject
Project("{9A19103F-16F7-4668-BE54-9A1E7A4F7556}") = "KoperasiTentera.DTO", "KoperasiTentera.DTO\KoperasiTentera.DTO.csproj", "{5B7DD2B7-730A-410D-AEA4-5AA152290E96}"
EndProject
Project("{9A19103F-16F7-4668-BE54-9A1E7A4F7556}") = "KoperasiTentera.DAL", "KoperasiTentera.DAL\KoperasiTentera.DAL.csproj", "{AE59B688-755E-40CE-A16B-CEC71AF88E8A}"
EndProject
Project("{9A19103F-16F7-4668-BE54-9A1E7A4F7556}") = "KoperasiTentera.Services", "KoperasiTentera.Services\KoperasiTentera.Services.csproj", "{F1E1BB54-5FFE-466B-AD0A-4FE54E8A8CEF}"
EndProject
Global
	GlobalSection(SolutionConfigurationPlatforms) = preSolution
		Debug|Any CPU = Debug|Any CPU
		Release|Any CPU = Release|Any CPU
	EndGlobalSection
	GlobalSection(ProjectConfigurationPlatforms) = postSolution
		{0BFB7B05-36FB-4F36-9025-367D27AB3239}.Debug|Any CPU.ActiveCfg = Debug|Any CPU
		{0BFB7B05-36FB-4F36-9025-367D27AB3239}.Debug|Any CPU.Build.0 = Debug|Any CPU
		{0BFB7B05-36FB-4F36-9025-367D27AB3239}.Release|Any CPU.ActiveCfg = Release|Any CPU
		{0BFB7B05-36FB-4F36-9025-367D27AB3239}.Release|Any CPU.Build.0 = Release|Any CPU
		{12CF1413-B478-4A05-A60D-CB99EC6270F1}.Debug|Any CPU.ActiveCfg = Debug|Any CPU
		{12CF1413-B478-4A05-A60D-CB99EC6270F1}.Debug|Any CPU.Build.0 = Debug|Any CPU
		{12CF1413-B478-4A05-A60D-CB99EC6270F1}.Release|Any CPU.ActiveCfg = Release|Any CPU
		{12CF1413-B478-4A05-A60D-CB99EC6270F1}.Release|Any CPU.Build.0 = Release|Any CPU
		{5B7DD2B7-730A-410D-AEA4-5AA152290E96}.Debug|Any CPU.ActiveCfg = Debug|Any CPU
		{5B7DD2B7-730A-410D-AEA4-5AA152290E96}.Debug|Any CPU.Build.0 = Debug|Any CPU
		{5B7DD2B7-730A-410D-AEA4-5AA152290E96}.Release|Any CPU.ActiveCfg = Release|Any CPU
		{5B7DD2B7-730A-410D-AEA4-5AA152290E96}.Release|Any CPU.Build.0 = Release|Any CPU
		{AE59B688-755E-40CE-A16B-CEC71AF88E8A}.Debug|Any CPU.ActiveCfg = Debug|Any CPU
		{AE59B688-755E-40CE-A16B-CEC71AF88E8A}.Debug|Any CPU.Build.0 = Debug|Any CPU
		{AE59B688-755E-40CE-A16B-CEC71AF88E8A}.Release|Any CPU.ActiveCfg = Release|Any CPU
		{AE59B688-755E-40CE-A16B-CEC71AF88E8A}.Release|Any CPU.Build.0 = Release|Any CPU
		{F1E1BB54-5FFE-466B-AD0A-4FE54E8A8CEF}.Debug|Any CPU.ActiveCfg = Debug|Any CPU
		{F1E1BB54-5FFE-466B-AD0A-4FE54E8A8CEF}.Debug|Any CPU.Build.0 = Debug|Any CPU
		{F1E1BB54-5FFE-466B-AD0A-4FE54E8A8CEF}.Release|Any CPU.ActiveCfg = Release|Any CPU
		{F1E1BB54-5FFE-466B-AD0A-4FE54E8A8CEF}.Release|Any CPU.Build.0 = Release|Any CPU
	EndGlobalSection
	GlobalSection(SolutionProperties) = preSolution
		HideSolutionNode = FALSE
	EndGlobalSection
	GlobalSection(ExtensibilityGlobals) = postSolution
		SolutionGuid = {E75B3874-10EA-46FE-9F0F-BDB1321D1D3D}
	EndGlobalSection
EndGlobal
